// !$*UTF8*$!
{
	archiveVersion = 1;
	classes = {
	};
	objectVersion = 50;
	objects = {

/* Begin PBXBuildFile section */
		9326DA2D234C5A3900288234 /* AppDelegate.swift in Sources */ = {isa = PBXBuildFile; fileRef = 9326DA2C234C5A3900288234 /* AppDelegate.swift */; };
		9326DA2F234C5A3900288234 /* SceneDelegate.swift in Sources */ = {isa = PBXBuildFile; fileRef = 9326DA2E234C5A3900288234 /* SceneDelegate.swift */; };
		9326DA31234C5A3900288234 /* ViewController.swift in Sources */ = {isa = PBXBuildFile; fileRef = 9326DA30234C5A3900288234 /* ViewController.swift */; };
		9326DA34234C5A3900288234 /* Main.storyboard in Resources */ = {isa = PBXBuildFile; fileRef = 9326DA32234C5A3900288234 /* Main.storyboard */; };
		9326DA36234C5A3A00288234 /* Assets.xcassets in Resources */ = {isa = PBXBuildFile; fileRef = 9326DA35234C5A3A00288234 /* Assets.xcassets */; };
		9326DA39234C5A3A00288234 /* LaunchScreen.storyboard in Resources */ = {isa = PBXBuildFile; fileRef = 9326DA37234C5A3A00288234 /* LaunchScreen.storyboard */; };
		9326DA41234CA19100288234 /* DataViewController.swift in Sources */ = {isa = PBXBuildFile; fileRef = 9326DA40234CA19100288234 /* DataViewController.swift */; };
/* End PBXBuildFile section */

/* Begin PBXFileReference section */
		9326DA29234C5A3900288234 /* HandsOnCoreBluetooth.app */ = {isa = PBXFileReference; explicitFileType = wrapper.application; includeInIndex = 0; path = HandsOnCoreBluetooth.app; sourceTree = BUILT_PRODUCTS_DIR; };
		9326DA2C234C5A3900288234 /* AppDelegate.swift */ = {isa = PBXFileReference; lastKnownFileType = sourcecode.swift; path = AppDelegate.swift; sourceTree = "<group>"; };
		9326DA2E234C5A3900288234 /* SceneDelegate.swift */ = {isa = PBXFileReference; lastKnownFileType = sourcecode.swift; path = SceneDelegate.swift; sourceTree = "<group>"; };
		9326DA30234C5A3900288234 /* ViewController.swift */ = {isa = PBXFileReference; lastKnownFileType = sourcecode.swift; path = ViewController.swift; sourceTree = "<group>"; };
		9326DA33234C5A3900288234 /* Base */ = {isa = PBXFileReference; lastKnownFileType = file.storyboard; name = Base; path = Base.lproj/Main.storyboard; sourceTree = "<group>"; };
		9326DA35234C5A3A00288234 /* Assets.xcassets */ = {isa = PBXFileReference; lastKnownFileType = folder.assetcatalog; path = Assets.xcassets; sourceTree = "<group>"; };
		9326DA38234C5A3A00288234 /* Base */ = {isa = PBXFileReference; lastKnownFileType = file.storyboard; name = Base; path = Base.lproj/LaunchScreen.storyboard; sourceTree = "<group>"; };
		9326DA3A234C5A3A00288234 /* Info.plist */ = {isa = PBXFileReference; lastKnownFileType = text.plist.xml; path = Info.plist; sourceTree = "<group>"; };
		9326DA40234CA19100288234 /* DataViewController.swift */ = {isa = PBXFileReference; lastKnownFileType = sourcecode.swift; path = DataViewController.swift; sourceTree = "<group>"; };
		9393FE8E234DC36000D3EDBF /* HandsOnCoreBluetooth.entitlements */ = {isa = PBXFileReference; lastKnownFileType = text.plist.entitlements; path = HandsOnCoreBluetooth.entitlements; sourceTree = "<group>"; };
/* End PBXFileReference section */

/* Begin PBXFrameworksBuildPhase section */
		9326DA26234C5A3900288234 /* Frameworks */ = {
			isa = PBXFrameworksBuildPhase;
			buildActionMask = 2147483647;
			files = (
			);
			runOnlyForDeploymentPostprocessing = 0;
		};
/* End PBXFrameworksBuildPhase section */

/* Begin PBXGroup section */
		9326DA20234C5A3900288234 = {
			isa = PBXGroup;
			children = (
				9326DA2B234C5A3900288234 /* HandsOnCoreBluetooth */,
				9326DA2A234C5A3900288234 /* Products */,
			);
			sourceTree = "<group>";
		};
		9326DA2A234C5A3900288234 /* Products */ = {
			isa = PBXGroup;
			children = (
				9326DA29234C5A3900288234 /* HandsOnCoreBluetooth.app */,
			);
			name = Products;
			sourceTree = "<group>";
		};
		9326DA2B234C5A3900288234 /* HandsOnCoreBluetooth */ = {
			isa = PBXGroup;
			children = (
				9393FE8E234DC36000D3EDBF /* HandsOnCoreBluetooth.entitlements */,
				9326DA2C234C5A3900288234 /* AppDelegate.swift */,
				9326DA2E234C5A3900288234 /* SceneDelegate.swift */,
				9326DA30234C5A3900288234 /* ViewController.swift */,
				9326DA40234CA19100288234 /* DataViewController.swift */,
				9326DA32234C5A3900288234 /* Main.storyboard */,
				9326DA35234C5A3A00288234 /* Assets.xcassets */,
				9326DA37234C5A3A00288234 /* LaunchScreen.storyboard */,
				9326DA3A234C5A3A00288234 /* Info.plist */,
			);
			path = HandsOnCoreBluetooth;
			sourceTree = "<group>";
		};
/* End PBXGroup section */

/* Begin PBXNativeTarget section */
		9326DA28234C5A3900288234 /* HandsOnCoreBluetooth */ = {
			isa = PBXNativeTarget;
			buildConfigurationList = 9326DA3D234C5A3A00288234 /* Build configuration list for PBXNativeTarget "HandsOnCoreBluetooth" */;
			buildPhases = (
				9326DA25234C5A3900288234 /* Sources */,
				9326DA26234C5A3900288234 /* Frameworks */,
				9326DA27234C5A3900288234 /* Resources */,
			);
			buildRules = (
			);
			dependencies = (
			);
			name = HandsOnCoreBluetooth;
			productName = HandsOnCoreBluetooth;
			productReference = 9326DA29234C5A3900288234 /* HandsOnCoreBluetooth.app */;
			productType = "com.apple.product-type.application";
		};
/* End PBXNativeTarget section */

/* Begin PBXProject section */
		9326DA21234C5A3900288234 /* Project object */ = {
			isa = PBXProject;
			attributes = {
				LastSwiftUpdateCheck = 1100;
				LastUpgradeCheck = 1100;
				ORGANIZATIONNAME = "김은비";
				TargetAttributes = {
					9326DA28234C5A3900288234 = {
						CreatedOnToolsVersion = 11.0;
					};
				};
			};
			buildConfigurationList = 9326DA24234C5A3900288234 /* Build configuration list for PBXProject "HandsOnCoreBluetooth" */;
			compatibilityVersion = "Xcode 9.3";
			developmentRegion = en;
			hasScannedForEncodings = 0;
			knownRegions = (
				en,
				Base,
			);
			mainGroup = 9326DA20234C5A3900288234;
			productRefGroup = 9326DA2A234C5A3900288234 /* Products */;
			projectDirPath = "";
			projectRoot = "";
			targets = (
				9326DA28234C5A3900288234 /* HandsOnCoreBluetooth */,
			);
		};
/* End PBXProject section */

/* Begin PBXResourcesBuildPhase section */
		9326DA27234C5A3900288234 /* Resources */ = {
			isa = PBXResourcesBuildPhase;
			buildActionMask = 2147483647;
			files = (
				9326DA39234C5A3A00288234 /* LaunchScreen.storyboard in Resources */,
				9326DA36234C5A3A00288234 /* Assets.xcassets in Resources */,
				9326DA34234C5A3900288234 /* Main.storyboard in Resources */,
			);
			runOnlyForDeploymentPostprocessing = 0;
		};
/* End PBXResourcesBuildPhase section */

/* Begin PBXSourcesBuildPhase section */
		9326DA25234C5A3900288234 /* Sources */ = {
			isa = PBXSourcesBuildPhase;
			buildActionMask = 2147483647;
			files = (
				9326DA41234CA19100288234 /* DataViewController.swift in Sources */,
				9326DA31234C5A3900288234 /* ViewController.swift in Sources */,
				9326DA2D234C5A3900288234 /* AppDelegate.swift in Sources */,
				9326DA2F234C5A3900288234 /* SceneDelegate.swift in Sources */,
			);
			runOnlyForDeploymentPostprocessing = 0;
		};
/* End PBXSourcesBuildPhase section */

/* Begin PBXVariantGroup section */
		9326DA32234C5A3900288234 /* Main.storyboard */ = {
			isa = PBXVariantGroup;
			children = (
				9326DA33234C5A3900288234 /* Base */,
			);
			name = Main.storyboard;
			sourceTree = "<group>";
		};
		9326DA37234C5A3A00288234 /* LaunchScreen.storyboard */ = {
			isa = PBXVariantGroup;
			children = (
				9326DA38234C5A3A00288234 /* Base */,
			);
			name = LaunchScreen.storyboard;
			sourceTree = "<group>";
		};
/* End PBXVariantGroup section */

/* Begin XCBuildConfiguration section */
		9326DA3B234C5A3A00288234 /* Debug */ = {
			isa = XCBuildConfiguration;
			buildSettings = {
				ALWAYS_SEARCH_USER_PATHS = NO;
				CLANG_ANALYZER_NONNULL = YES;
				CLANG_ANALYZER_NUMBER_OBJECT_CONVERSION = YES_AGGRESSIVE;
				CLANG_CXX_LANGUAGE_STANDARD = "gnu++14";
				CLANG_CXX_LIBRARY = "libc++";
				CLANG_ENABLE_MODULES = YES;
				CLANG_ENABLE_OBJC_ARC = YES;
				CLANG_ENABLE_OBJC_WEAK = YES;
				CLANG_WARN_BLOCK_CAPTURE_AUTORELEASING = YES;
				CLANG_WARN_BOOL_CONVERSION = YES;
				CLANG_WARN_COMMA = YES;
				CLANG_WARN_CONSTANT_CONVERSION = YES;
				CLANG_WARN_DEPRECATED_OBJC_IMPLEMENTATIONS = YES;
				CLANG_WARN_DIRECT_OBJC_ISA_USAGE = YES_ERROR;
				CLANG_WARN_DOCUMENTATION_COMMENTS = YES;
				CLANG_WARN_EMPTY_BODY = YES;
				CLANG_WARN_ENUM_CONVERSION = YES;
				CLANG_WARN_INFINITE_RECURSION = YES;
				CLANG_WARN_INT_CONVERSION = YES;
				CLANG_WARN_NON_LITERAL_NULL_CONVERSION = YES;
				CLANG_WARN_OBJC_IMPLICIT_RETAIN_SELF = YES;
				CLANG_WARN_OBJC_LITERAL_CONVERSION = YES;
				CLANG_WARN_OBJC_ROOT_CLASS = YES_ERROR;
				CLANG_WARN_RANGE_LOOP_ANALYSIS = YES;
				CLANG_WARN_STRICT_PROTOTYPES = YES;
				CLANG_WARN_SUSPICIOUS_MOVE = YES;
				CLANG_WARN_UNGUARDED_AVAILABILITY = YES_AGGRESSIVE;
				CLANG_WARN_UNREACHABLE_CODE = YES;
				CLANG_WARN__DUPLICATE_METHOD_MATCH = YES;
				COPY_PHASE_STRIP = NO;
				DEBUG_INFORMATION_FORMAT = dwarf;
				ENABLE_STRICT_OBJC_MSGSEND = YES;
				ENABLE_TESTABILITY = YES;
				GCC_C_LANGUAGE_STANDARD = gnu11;
				GCC_DYNAMIC_NO_PIC = NO;
				GCC_NO_COMMON_BLOCKS = YES;
				GCC_OPTIMIZATION_LEVEL = 0;
				GCC_PREPROCESSOR_DEFINITIONS = (
					"DEBUG=1",
					"$(inherited)",
				);
				GCC_WARN_64_TO_32_BIT_CONVERSION = YES;
				GCC_WARN_ABOUT_RETURN_TYPE = YES_ERROR;
				GCC_WARN_UNDECLARED_SELECTOR = YES;
				GCC_WARN_UNINITIALIZED_AUTOS = YES_AGGRESSIVE;
				GCC_WARN_UNUSED_FUNCTION = YES;
				GCC_WARN_UNUSED_VARIABLE = YES;
				IPHONEOS_DEPLOYMENT_TARGET = 13.0;
				MTL_ENABLE_DEBUG_INFO = INCLUDE_SOURCE;
				MTL_FAST_MATH = YES;
				ONLY_ACTIVE_ARCH = YES;
				SDKROOT = iphoneos;
				SWIFT_ACTIVE_COMPILATION_CONDITIONS = DEBUG;
				SWIFT_OPTIMIZATION_LEVEL = "-Onone";
			};
			name = Debug;
		};
		9326DA3C234C5A3A00288234 /* Release */ = {
			isa = XCBuildConfiguration;
			buildSettings = {
				ALWAYS_SEARCH_USER_PATHS = NO;
				CLANG_ANALYZER_NONNULL = YES;
				CLANG_ANALYZER_NUMBER_OBJECT_CONVERSION = YES_AGGRESSIVE;
				CLANG_CXX_LANGUAGE_STANDARD = "gnu++14";
				CLANG_CXX_LIBRARY = "libc++";
				CLANG_ENABLE_MODULES = YES;
				CLANG_ENABLE_OBJC_ARC = YES;
				CLANG_ENABLE_OBJC_WEAK = YES;
				CLANG_WARN_BLOCK_CAPTURE_AUTORELEASING = YES;
				CLANG_WARN_BOOL_CONVERSION = YES;
				CLANG_WARN_COMMA = YES;
				CLANG_WARN_CONSTANT_CONVERSION = YES;
				CLANG_WARN_DEPRECATED_OBJC_IMPLEMENTATIONS = YES;
				CLANG_WARN_DIRECT_OBJC_ISA_USAGE = YES_ERROR;
				CLANG_WARN_DOCUMENTATION_COMMENTS = YES;
				CLANG_WARN_EMPTY_BODY = YES;
				CLANG_WARN_ENUM_CONVERSION = YES;
				CLANG_WARN_INFINITE_RECURSION = YES;
				CLANG_WARN_INT_CONVERSION = YES;
				CLANG_WARN_NON_LITERAL_NULL_CONVERSION = YES;
				CLANG_WARN_OBJC_IMPLICIT_RETAIN_SELF = YES;
				CLANG_WARN_OBJC_LITERAL_CONVERSION = YES;
				CLANG_WARN_OBJC_ROOT_CLASS = YES_ERROR;
				CLANG_WARN_RANGE_LOOP_ANALYSIS = YES;
				CLANG_WARN_STRICT_PROTOTYPES = YES;
				CLANG_WARN_SUSPICIOUS_MOVE = YES;
				CLANG_WARN_UNGUARDED_AVAILABILITY = YES_AGGRESSIVE;
				CLANG_WARN_UNREACHABLE_CODE = YES;
				CLANG_WARN__DUPLICATE_METHOD_MATCH = YES;
				COPY_PHASE_STRIP = NO;
				DEBUG_INFORMATION_FORMAT = "dwarf-with-dsym";
				ENABLE_NS_ASSERTIONS = NO;
				ENABLE_STRICT_OBJC_MSGSEND = YES;
				GCC_C_LANGUAGE_STANDARD = gnu11;
				GCC_NO_COMMON_BLOCKS = YES;
				GCC_WARN_64_TO_32_BIT_CONVERSION = YES;
				GCC_WARN_ABOUT_RETURN_TYPE = YES_ERROR;
				GCC_WARN_UNDECLARED_SELECTOR = YES;
				GCC_WARN_UNINITIALIZED_AUTOS = YES_AGGRESSIVE;
				GCC_WARN_UNUSED_FUNCTION = YES;
				GCC_WARN_UNUSED_VARIABLE = YES;
				IPHONEOS_DEPLOYMENT_TARGET = 13.0;
				MTL_ENABLE_DEBUG_INFO = NO;
				MTL_FAST_MATH = YES;
				SDKROOT = iphoneos;
				SWIFT_COMPILATION_MODE = wholemodule;
				SWIFT_OPTIMIZATION_LEVEL = "-O";
				VALIDATE_PRODUCT = YES;
			};
			name = Release;
		};
		9326DA3E234C5A3A00288234 /* Debug */ = {
			isa = XCBuildConfiguration;
			buildSettings = {
				ASSETCATALOG_COMPILER_APPICON_NAME = AppIcon;
				CODE_SIGN_ENTITLEMENTS = HandsOnCoreBluetooth/HandsOnCoreBluetoothDebug.entitlements;
				CODE_SIGN_STYLE = Automatic;
				DEVELOPMENT_TEAM = RBU5P3NZY5;
				INFOPLIST_FILE = HandsOnCoreBluetooth/Info.plist;
				LD_RUNPATH_SEARCH_PATHS = (
					"$(inherited)",
					"@executable_path/Frameworks",
				);
				PRODUCT_BUNDLE_IDENTIFIER = com.eunbikim.HandsOnCoreBluetooth;
				PRODUCT_NAME = "$(TARGET_NAME)";
				SWIFT_VERSION = 5.0;
				TARGETED_DEVICE_FAMILY = "1,2";
			};
			name = Debug;
		};
		9326DA3F234C5A3A00288234 /* Release */ = {
			isa = XCBuildConfiguration;
			buildSettings = {
				ASSETCATALOG_COMPILER_APPICON_NAME = AppIcon;
				CODE_SIGN_ENTITLEMENTS = HandsOnCoreBluetooth/HandsOnCoreBluetooth.entitlements;
				CODE_SIGN_STYLE = Automatic;
				DEVELOPMENT_TEAM = RBU5P3NZY5;
				INFOPLIST_FILE = HandsOnCoreBluetooth/Info.plist;
				LD_RUNPATH_SEARCH_PATHS = (
					"$(inherited)",
					"@executable_path/Frameworks",
				);
				PRODUCT_BUNDLE_IDENTIFIER = com.eunbikim.HandsOnCoreBluetooth;
				PRODUCT_NAME = "$(TARGET_NAME)";
				SWIFT_VERSION = 5.0;
				TARGETED_DEVICE_FAMILY = "1,2";
			};
			name = Release;
		};
/* End XCBuildConfiguration section */

/* Begin XCConfigurationList section */
		9326DA24234C5A3900288234 /* Build configuration list for PBXProject "HandsOnCoreBluetooth" */ = {
			isa = XCConfigurationList;
			buildConfigurations = (
				9326DA3B234C5A3A00288234 /* Debug */,
				9326DA3C234C5A3A00288234 /* Release */,
			);
			defaultConfigurationIsVisible = 0;
			defaultConfigurationName = Release;
		};
		9326DA3D234C5A3A00288234 /* Build configuration list for PBXNativeTarget "HandsOnCoreBluetooth" */ = {
			isa = XCConfigurationList;
			buildConfigurations = (
				9326DA3E234C5A3A00288234 /* Debug */,
				9326DA3F234C5A3A00288234 /* Release */,
			);
			defaultConfigurationIsVisible = 0;
			defaultConfigurationName = Release;
		};
/* End XCConfigurationList section */
	};
	rootObject = 9326DA21234C5A3900288234 /* Project object */;
}
